
Microsoft Visual Studio Solution File, Format Version 12.00
# Visual Studio Version 16
VisualStudioVersion = 16.0.29418.71
MinimumVisualStudioVersion = 10.0.40219.1
Project("{FAE04EC0-301F-11D3-BF4B-00C04F79EFBC}") = "WebProj", "WebProj.csproj", "{2C84BD54-03AE-4251-B2E4-EA8C16AB8136}"
EndProject
Global
	GlobalSection(SolutionConfigurationPlatforms) = preSolution
		Debug|Any CPU = Debug|Any CPU
		Release|Any CPU = Release|Any CPU
	EndGlobalSection
	GlobalSection(ProjectConfigurationPlatforms) = postSolution
		{2C84BD54-03AE-4251-B2E4-EA8C16AB8136}.Debug|Any CPU.ActiveCfg = Debug|Any CPU
		{2C84BD54-03AE-4251-B2E4-EA8C16AB8136}.Debug|Any CPU.Build.0 = Debug|Any CPU
		{2C84BD54-03AE-4251-B2E4-EA8C16AB8136}.Release|Any CPU.ActiveCfg = Release|Any CPU
		{2C84BD54-03AE-4251-B2E4-EA8C16AB8136}.Release|Any CPU.Build.0 = Release|Any CPU
	EndGlobalSection
	GlobalSection(SolutionProperties) = preSolution
		HideSolutionNode = FALSE
	EndGlobalSection
	GlobalSection(ExtensibilityGlobals) = postSolution
		SolutionGuid = {1E2CE383-4C58-49D4-9CB3-29CD6AF8638E}
	EndGlobalSection
EndGlobal
